{
  "requires": true,
  "lockfileVersion": 1,
  "dependencies": {
    "visual-studio": {
      "version": "1.0.0",
      "resolved": "https://registry.npmjs.org/visual-studio/-/visual-studio-1.0.0.tgz",
      "integrity": "sha512-7n8hFzis6wU4tKPoPeL/wbKJG89Zgp2FHU6Fv/c0xlG35ZfUaNyGvVOl7b+9KId8XDm9JaABzEC8PSP2RewNsg=="
    }
  }
}
